<?xml version="1.0" encoding="utf-8"?>
<Project ToolsVersion="4.0" xmlns="http://schemas.microsoft.com/developer/msbuild/2003">
  <ItemGroup>
    <Filter Include="Source Files">
      <UniqueIdentifier>{4FC737F1-C7A5-4376-A066-2A32D752A2FF}</UniqueIdentifier>
      <Extensions>cpp;c;cc;cxx;def;odl;idl;hpj;bat;asm;asmx</Extensions>
    </Filter>
    <Filter Include="Header Files">
      <UniqueIdentifier>{93995380-89BD-4b04-88EB-625FBE52EBFB}</UniqueIdentifier>
      <Extensions>h;hh;hpp;hxx;hm;inl;inc;xsd</Extensions>
    </Filter>
    <Filter Include="Resource Files">
      <UniqueIdentifier>{67DA6AB6-F800-4c08-8B7A-83BB121AAD01}</UniqueIdentifier>
      <Extensions>rc;ico;cur;bmp;dlg;rc2;rct;bin;rgs;gif;jpg;jpeg;jpe;resx;tiff;tif;png;wav;mfcribbon-ms</Extensions>
    </Filter>
  </ItemGroup>
  <ItemGroup>
    <ClInclude Include="..\sys.h">
      <Filter>Header Files</Filter>
    </ClInclude>
    <ClInclude Include="..\vid.h">
      <Filter>Header Files</Filter>
    </ClInclude>
    <ClInclude Include="..\view.h">
      <Filter>Header Files</Filter>
    </ClInclude>
    <ClInclude Include="..\wad.h">
      <Filter>Header Files</Filter>
    </ClInclude>
    <ClInclude Include="..\winquake.h">
      <Filter>Header Files</Filter>
    </ClInclude>
    <ClInclude Include="..\world.h">
      <Filter>Header Files</Filter>
    </ClInclude>
    <ClInclude Include="..\zone.h">
      <Filter>Header Files</Filter>
    </ClInclude>
    <ClInclude Include="..\adivtab.h">
      <Filter>Header Files</Filter>
    </ClInclude>
    <ClInclude Include="..\anorm_dots.h">
      <Filter>Header Files</Filter>
    </ClInclude>
    <ClInclude Include="..\anorms.h">
      <Filter>Header Files</Filter>
    </ClInclude>
    <ClInclude Include="..\bspfile.h">
      <Filter>Header Files</Filter>
    </ClInclude>
    <ClInclude Include="..\cdaudio.h">
      <Filter>Header Files</Filter>
    </ClInclude>
    <ClInclude Include="..\client.h">
      <Filter>Header Files</Filter>
    </ClInclude>
    <ClInclude Include="..\cmd.h">
      <Filter>Header Files</Filter>
    </ClInclude>
    <ClInclude Include="..\common.h">
      <Filter>Header Files</Filter>
    </ClInclude>
    <ClInclude Include="..\conproc.h">
      <Filter>Header Files</Filter>
    </ClInclude>
    <ClInclude Include="..\console.h">
      <Filter>Header Files</Filter>
    </ClInclude>
    <ClInclude Include="..\crc.h">
      <Filter>Header Files</Filter>
    </ClInclude>
    <ClInclude Include="..\cvar.h">
      <Filter>Header Files</Filter>
    </ClInclude>
    <ClInclude Include="..\d_iface.h">
      <Filter>Header Files</Filter>
    </ClInclude>
    <ClInclude Include="..\d_local.h">
      <Filter>Header Files</Filter>
    </ClInclude>
    <ClInclude Include="..\draw.h">
      <Filter>Header Files</Filter>
    </ClInclude>
    <ClInclude Include="..\input.h">
      <Filter>Header Files</Filter>
    </ClInclude>
    <ClInclude Include="..\keys.h">
      <Filter>Header Files</Filter>
    </ClInclude>
    <ClInclude Include="..\mathlib.h">
      <Filter>Header Files</Filter>
    </ClInclude>
    <ClInclude Include="..\menu.h">
      <Filter>Header Files</Filter>
    </ClInclude>
    <ClInclude Include="..\model.h">
      <Filter>Header Files</Filter>
    </ClInclude>
    <ClInclude Include="..\modelgen.h">
      <Filter>Header Files</Filter>
    </ClInclude>
    <ClInclude Include="..\net.h">
      <Filter>Header Files</Filter>
    </ClInclude>
    <ClInclude Include="..\net_dgrm.h">
      <Filter>Header Files</Filter>
    </ClInclude>
    <ClInclude Include="..\net_loop.h">
      <Filter>Header Files</Filter>
    </ClInclude>
    <ClInclude Include="..\net_vcr.h">
      <Filter>Header Files</Filter>
    </ClInclude>
    <ClInclude Include="..\net_wins.h">
      <Filter>Header Files</Filter>
    </ClInclude>
    <ClInclude Include="..\net_wipx.h">
      <Filter>Header Files</Filter>
    </ClInclude>
    <ClInclude Include="..\pr_comp.h">
      <Filter>Header Files</Filter>
    </ClInclude>
    <ClInclude Include="..\progs.h">
      <Filter>Header Files</Filter>
    </ClInclude>
    <ClInclude Include="..\protocol.h">
      <Filter>Header Files</Filter>
    </ClInclude>
    <ClInclude Include="..\quakedef.h">
      <Filter>Header Files</Filter>
    </ClInclude>
    <ClInclude Include="..\r_local.h">
      <Filter>Header Files</Filter>
    </ClInclude>
    <ClInclude Include="..\r_shared.h">
      <Filter>Header Files</Filter>
    </ClInclude>
    <ClInclude Include="..\render.h">
      <Filter>Header Files</Filter>
    </ClInclude>
    <ClInclude Include="..\sbar.h">
      <Filter>Header Files</Filter>
    </ClInclude>
    <ClInclude Include="..\screen.h">
      <Filter>Header Files</Filter>
    </ClInclude>
    <ClInclude Include="..\server.h">
      <Filter>Header Files</Filter>
    </ClInclude>
    <ClInclude Include="..\sound.h">
      <Filter>Header Files</Filter>
    </ClInclude>
    <ClInclude Include="..\spritegn.h">
      <Filter>Header Files</Filter>
    </ClInclude>
    <ClInclude Include="..\progdefs.h">
      <Filter>Resource Files</Filter>
    </ClInclude>
    <ClInclude Include="..\resource.h">
      <Filter>Resource Files</Filter>
    </ClInclude>
  </ItemGroup>
  <ItemGroup>
    <None Include="..\progdefs.q1">
      <Filter>Resource Files</Filter>
    </None>
    <None Include="..\progdefs.q2">
      <Filter>Resource Files</Filter>
    </None>
  </ItemGroup>
  <ItemGroup>
    <Image Include="..\quake.ico">
      <Filter>Resource Files</Filter>
    </Image>
  </ItemGroup>
  <ItemGroup>
    <ResourceCompile Include="..\winquake.rc">
      <Filter>Resource Files</Filter>
    </ResourceCompile>
  </ItemGroup>
  <ItemGroup>
    <ClCompile Include="..\zone.c">
      <Filter>Source Files</Filter>
    </ClCompile>
    <ClCompile Include="..\cd_win.c">
      <Filter>Source Files</Filter>
    </ClCompile>
    <ClCompile Include="..\chase.c">
      <Filter>Source Files</Filter>
    </ClCompile>
    <ClCompile Include="..\cl_demo.c">
      <Filter>Source Files</Filter>
    </ClCompile>
    <ClCompile Include="..\cl_input.c">
      <Filter>Source Files</Filter>
    </ClCompile>
    <ClCompile Include="..\cl_main.c">
      <Filter>Source Files</Filter>
    </ClCompile>
    <ClCompile Include="..\cl_parse.c">
      <Filter>Source Files</Filter>
    </ClCompile>
    <ClCompile Include="..\cl_tent.c">
      <Filter>Source Files</Filter>
    </ClCompile>
    <ClCompile Include="..\cmd.c">
      <Filter>Source Files</Filter>
    </ClCompile>
    <ClCompile Include="..\common.c">
      <Filter>Source Files</Filter>
    </ClCompile>
    <ClCompile Include="..\conproc.c">
      <Filter>Source Files</Filter>
    </ClCompile>
    <ClCompile Include="..\console.c">
      <Filter>Source Files</Filter>
    </ClCompile>
    <ClCompile Include="..\crc.c">
      <Filter>Source Files</Filter>
    </ClCompile>
    <ClCompile Include="..\cvar.c">
      <Filter>Source Files</Filter>
    </ClCompile>
    <ClCompile Include="..\d_edge.c">
      <Filter>Source Files</Filter>
    </ClCompile>
    <ClCompile Include="..\d_fill.c">
      <Filter>Source Files</Filter>
    </ClCompile>
    <ClCompile Include="..\d_init.c">
      <Filter>Source Files</Filter>
    </ClCompile>
    <ClCompile Include="..\d_modech.c">
      <Filter>Source Files</Filter>
    </ClCompile>
    <ClCompile Include="..\d_part.c">
      <Filter>Source Files</Filter>
    </ClCompile>
    <ClCompile Include="..\d_polyse.c">
      <Filter>Source Files</Filter>
    </ClCompile>
    <ClCompile Include="..\d_scan.c">
      <Filter>Source Files</Filter>
    </ClCompile>
    <ClCompile Include="..\d_sky.c">
      <Filter>Source Files</Filter>
    </ClCompile>
    <ClCompile Include="..\d_sprite.c">
      <Filter>Source Files</Filter>
    </ClCompile>
    <ClCompile Include="..\d_surf.c">
      <Filter>Source Files</Filter>
    </ClCompile>
    <ClCompile Include="..\d_vars.c">
      <Filter>Source Files</Filter>
    </ClCompile>
    <ClCompile Include="..\d_zpoint.c">
      <Filter>Source Files</Filter>
    </ClCompile>
    <ClCompile Include="..\draw.c">
      <Filter>Source Files</Filter>
    </ClCompile>
    <ClCompile Include="..\host.c">
      <Filter>Source Files</Filter>
    </ClCompile>
    <ClCompile Include="..\host_cmd.c">
      <Filter>Source Files</Filter>
    </ClCompile>
    <ClCompile Include="..\in_win.c">
      <Filter>Source Files</Filter>
    </ClCompile>
    <ClCompile Include="..\keys.c">
      <Filter>Source Files</Filter>
    </ClCompile>
    <ClCompile Include="..\mathlib.c">
      <Filter>Source Files</Filter>
    </ClCompile>
    <ClCompile Include="..\menu.c">
      <Filter>Source Files</Filter>
    </ClCompile>
    <ClCompile Include="..\model.c">
      <Filter>Source Files</Filter>
    </ClCompile>
    <ClCompile Include="..\net_dgrm.c">
      <Filter>Source Files</Filter>
    </ClCompile>
    <ClCompile Include="..\net_loop.c">
      <Filter>Source Files</Filter>
    </ClCompile>
    <ClCompile Include="..\net_main.c">
      <Filter>Source Files</Filter>
    </ClCompile>
    <ClCompile Include="..\net_vcr.c">
      <Filter>Source Files</Filter>
    </ClCompile>
    <ClCompile Include="..\net_win.c">
      <Filter>Source Files</Filter>
    </ClCompile>
    <ClCompile Include="..\net_wins.c">
      <Filter>Source Files</Filter>
    </ClCompile>
    <ClCompile Include="..\net_wipx.c">
      <Filter>Source Files</Filter>
    </ClCompile>
    <ClCompile Include="..\nonintel.c">
      <Filter>Source Files</Filter>
    </ClCompile>
    <ClCompile Include="..\pr_cmds.c">
      <Filter>Source Files</Filter>
    </ClCompile>
    <ClCompile Include="..\pr_edict.c">
      <Filter>Source Files</Filter>
    </ClCompile>
    <ClCompile Include="..\pr_exec.c">
      <Filter>Source Files</Filter>
    </ClCompile>
    <ClCompile Include="..\r_aclip.c">
      <Filter>Source Files</Filter>
    </ClCompile>
    <ClCompile Include="..\r_bsp.c">
      <Filter>Source Files</Filter>
    </ClCompile>
    <ClCompile Include="..\r_draw.c">
      <Filter>Source Files</Filter>
    </ClCompile>
    <ClCompile Include="..\r_edge.c">
      <Filter>Source Files</Filter>
    </ClCompile>
    <ClCompile Include="..\r_efrag.c">
      <Filter>Source Files</Filter>
    </ClCompile>
    <ClCompile Include="..\r_light.c">
      <Filter>Source Files</Filter>
    </ClCompile>
    <ClCompile Include="..\r_main.c">
      <Filter>Source Files</Filter>
    </ClCompile>
    <ClCompile Include="..\r_misc.c">
      <Filter>Source Files</Filter>
    </ClCompile>
    <ClCompile Include="..\r_part.c">
      <Filter>Source Files</Filter>
    </ClCompile>
    <ClCompile Include="..\r_sky.c">
      <Filter>Source Files</Filter>
    </ClCompile>
    <ClCompile Include="..\r_sprite.c">
      <Filter>Source Files</Filter>
    </ClCompile>
    <ClCompile Include="..\r_surf.c">
      <Filter>Source Files</Filter>
    </ClCompile>
    <ClCompile Include="..\r_vars.c">
      <Filter>Source Files</Filter>
    </ClCompile>
    <ClCompile Include="..\sbar.c">
      <Filter>Source Files</Filter>
    </ClCompile>
    <ClCompile Include="..\screen.c">
      <Filter>Source Files</Filter>
    </ClCompile>
    <ClCompile Include="..\snd_dma.c">
      <Filter>Source Files</Filter>
    </ClCompile>
    <ClCompile Include="..\snd_mem.c">
      <Filter>Source Files</Filter>
    </ClCompile>
    <ClCompile Include="..\snd_mix.c">
      <Filter>Source Files</Filter>
    </ClCompile>
    <ClCompile Include="..\snd_win.c">
      <Filter>Source Files</Filter>
    </ClCompile>
    <ClCompile Include="..\sv_main.c">
      <Filter>Source Files</Filter>
    </ClCompile>
    <ClCompile Include="..\sv_move.c">
      <Filter>Source Files</Filter>
    </ClCompile>
    <ClCompile Include="..\sv_phys.c">
      <Filter>Source Files</Filter>
    </ClCompile>
    <ClCompile Include="..\sv_user.c">
      <Filter>Source Files</Filter>
    </ClCompile>
    <ClCompile Include="..\sys_win.c">
      <Filter>Source Files</Filter>
    </ClCompile>
    <ClCompile Include="..\vid_win.c">
      <Filter>Source Files</Filter>
    </ClCompile>
    <ClCompile Include="..\view.c">
      <Filter>Source Files</Filter>
    </ClCompile>
    <ClCompile Include="..\wad.c">
      <Filter>Source Files</Filter>
    </ClCompile>
    <ClCompile Include="..\world.c">
      <Filter>Source Files</Filter>
    </ClCompile>
    <ClCompile Include="..\r_alias.c">
      <Filter>Source Files</Filter>
    </ClCompile>
  </ItemGroup>
</Project>